// !$*UTF8*$!
{
	archiveVersion = 1;
	classes = {
	};
	objectVersion = 46;
	objects = {

/* Begin PBXBuildFile section */
		ED31D2BB1F31DE1C007A7CDC /* AppDelegate.swift in Sources */ = {isa = PBXBuildFile; fileRef = ED31D2BA1F31DE1C007A7CDC /* AppDelegate.swift */; };
		ED31D2C01F31DE1C007A7CDC /* Main.storyboard in Resources */ = {isa = PBXBuildFile; fileRef = ED31D2BE1F31DE1C007A7CDC /* Main.storyboard */; };
		ED31D2C21F31DE1C007A7CDC /* Assets.xcassets in Resources */ = {isa = PBXBuildFile; fileRef = ED31D2C11F31DE1C007A7CDC /* Assets.xcassets */; };
		ED31D2C51F31DE1C007A7CDC /* LaunchScreen.storyboard in Resources */ = {isa = PBXBuildFile; fileRef = ED31D2C31F31DE1C007A7CDC /* LaunchScreen.storyboard */; };
		ED31D2D01F31DE1C007A7CDC /* JKTapableLabelTests.swift in Sources */ = {isa = PBXBuildFile; fileRef = ED31D2CF1F31DE1C007A7CDC /* JKTapableLabelTests.swift */; };
		ED31D2DC1F31DE38007A7CDC /* JKTapableLabel.swift in Sources */ = {isa = PBXBuildFile; fileRef = ED31D2DA1F31DE38007A7CDC /* JKTapableLabel.swift */; };
		ED31D2DD1F31DE38007A7CDC /* ViewController.swift in Sources */ = {isa = PBXBuildFile; fileRef = ED31D2DB1F31DE38007A7CDC /* ViewController.swift */; };
/* End PBXBuildFile section */

/* Begin PBXContainerItemProxy section */
		ED31D2CC1F31DE1C007A7CDC /* PBXContainerItemProxy */ = {
			isa = PBXContainerItemProxy;
			containerPortal = ED31D2AF1F31DE1B007A7CDC /* Project object */;
			proxyType = 1;
			remoteGlobalIDString = ED31D2B61F31DE1C007A7CDC;
			remoteInfo = JKTapableLabel;
		};
/* End PBXContainerItemProxy section */

/* Begin PBXFileReference section */
		ED31D2B71F31DE1C007A7CDC /* JKTapableLabel.app */ = {isa = PBXFileReference; explicitFileType = wrapper.application; includeInIndex = 0; path = JKTapableLabel.app; sourceTree = BUILT_PRODUCTS_DIR; };
		ED31D2BA1F31DE1C007A7CDC /* AppDelegate.swift */ = {isa = PBXFileReference; lastKnownFileType = sourcecode.swift; path = AppDelegate.swift; sourceTree = "<group>"; };
		ED31D2BF1F31DE1C007A7CDC /* Base */ = {isa = PBXFileReference; lastKnownFileType = file.storyboard; name = Base; path = Base.lproj/Main.storyboard; sourceTree = "<group>"; };
		ED31D2C11F31DE1C007A7CDC /* Assets.xcassets */ = {isa = PBXFileReference; lastKnownFileType = folder.assetcatalog; path = Assets.xcassets; sourceTree = "<group>"; };
		ED31D2C41F31DE1C007A7CDC /* Base */ = {isa = PBXFileReference; lastKnownFileType = file.storyboard; name = Base; path = Base.lproj/LaunchScreen.storyboard; sourceTree = "<group>"; };
		ED31D2C61F31DE1C007A7CDC /* Info.plist */ = {isa = PBXFileReference; lastKnownFileType = text.plist.xml; path = Info.plist; sourceTree = "<group>"; };
		ED31D2CB1F31DE1C007A7CDC /* JKTapableLabelTests.xctest */ = {isa = PBXFileReference; explicitFileType = wrapper.cfbundle; includeInIndex = 0; path = JKTapableLabelTests.xctest; sourceTree = BUILT_PRODUCTS_DIR; };
		ED31D2CF1F31DE1C007A7CDC /* JKTapableLabelTests.swift */ = {isa = PBXFileReference; lastKnownFileType = sourcecode.swift; path = JKTapableLabelTests.swift; sourceTree = "<group>"; };
		ED31D2D11F31DE1C007A7CDC /* Info.plist */ = {isa = PBXFileReference; lastKnownFileType = text.plist.xml; path = Info.plist; sourceTree = "<group>"; };
		ED31D2DA1F31DE38007A7CDC /* JKTapableLabel.swift */ = {isa = PBXFileReference; fileEncoding = 4; lastKnownFileType = sourcecode.swift; path = JKTapableLabel.swift; sourceTree = "<group>"; };
		ED31D2DB1F31DE38007A7CDC /* ViewController.swift */ = {isa = PBXFileReference; fileEncoding = 4; lastKnownFileType = sourcecode.swift; path = ViewController.swift; sourceTree = "<group>"; };
/* End PBXFileReference section */

/* Begin PBXFrameworksBuildPhase section */
		ED31D2B41F31DE1C007A7CDC /* Frameworks */ = {
			isa = PBXFrameworksBuildPhase;
			buildActionMask = 2147483647;
			files = (
			);
			runOnlyForDeploymentPostprocessing = 0;
		};
		ED31D2C81F31DE1C007A7CDC /* Frameworks */ = {
			isa = PBXFrameworksBuildPhase;
			buildActionMask = 2147483647;
			files = (
			);
			runOnlyForDeploymentPostprocessing = 0;
		};
/* End PBXFrameworksBuildPhase section */

/* Begin PBXGroup section */
		ED31D2AE1F31DE1B007A7CDC = {
			isa = PBXGroup;
			children = (
				ED31D2B91F31DE1C007A7CDC /* JKTapableLabel */,
				ED31D2CE1F31DE1C007A7CDC /* JKTapableLabelTests */,
				ED31D2B81F31DE1C007A7CDC /* Products */,
			);
			sourceTree = "<group>";
		};
		ED31D2B81F31DE1C007A7CDC /* Products */ = {
			isa = PBXGroup;
			children = (
				ED31D2B71F31DE1C007A7CDC /* JKTapableLabel.app */,
				ED31D2CB1F31DE1C007A7CDC /* JKTapableLabelTests.xctest */,
			);
			name = Products;
			sourceTree = "<group>";
		};
		ED31D2B91F31DE1C007A7CDC /* JKTapableLabel */ = {
			isa = PBXGroup;
			children = (
				ED31D2DA1F31DE38007A7CDC /* JKTapableLabel.swift */,
				ED31D2DB1F31DE38007A7CDC /* ViewController.swift */,
				ED31D2BA1F31DE1C007A7CDC /* AppDelegate.swift */,
				ED31D2BE1F31DE1C007A7CDC /* Main.storyboard */,
				ED31D2C11F31DE1C007A7CDC /* Assets.xcassets */,
				ED31D2C31F31DE1C007A7CDC /* LaunchScreen.storyboard */,
				ED31D2C61F31DE1C007A7CDC /* Info.plist */,
			);
			path = JKTapableLabel;
			sourceTree = "<group>";
		};
		ED31D2CE1F31DE1C007A7CDC /* JKTapableLabelTests */ = {
			isa = PBXGroup;
			children = (
				ED31D2CF1F31DE1C007A7CDC /* JKTapableLabelTests.swift */,
				ED31D2D11F31DE1C007A7CDC /* Info.plist */,
			);
			path = JKTapableLabelTests;
			sourceTree = "<group>";
		};
/* End PBXGroup section */

/* Begin PBXNativeTarget section */
		ED31D2B61F31DE1C007A7CDC /* JKTapableLabel */ = {
			isa = PBXNativeTarget;
			buildConfigurationList = ED31D2D41F31DE1C007A7CDC /* Build configuration list for PBXNativeTarget "JKTapableLabel" */;
			buildPhases = (
				ED31D2B31F31DE1C007A7CDC /* Sources */,
				ED31D2B41F31DE1C007A7CDC /* Frameworks */,
				ED31D2B51F31DE1C007A7CDC /* Resources */,
			);
			buildRules = (
			);
			dependencies = (
			);
			name = JKTapableLabel;
			productName = JKTapableLabel;
			productReference = ED31D2B71F31DE1C007A7CDC /* JKTapableLabel.app */;
			productType = "com.apple.product-type.application";
		};
		ED31D2CA1F31DE1C007A7CDC /* JKTapableLabelTests */ = {
			isa = PBXNativeTarget;
			buildConfigurationList = ED31D2D71F31DE1C007A7CDC /* Build configuration list for PBXNativeTarget "JKTapableLabelTests" */;
			buildPhases = (
				ED31D2C71F31DE1C007A7CDC /* Sources */,
				ED31D2C81F31DE1C007A7CDC /* Frameworks */,
				ED31D2C91F31DE1C007A7CDC /* Resources */,
			);
			buildRules = (
			);
			dependencies = (
				ED31D2CD1F31DE1C007A7CDC /* PBXTargetDependency */,
			);
			name = JKTapableLabelTests;
			productName = JKTapableLabelTests;
			productReference = ED31D2CB1F31DE1C007A7CDC /* JKTapableLabelTests.xctest */;
			productType = "com.apple.product-type.bundle.unit-test";
		};
/* End PBXNativeTarget section */

/* Begin PBXProject section */
		ED31D2AF1F31DE1B007A7CDC /* Project object */ = {
			isa = PBXProject;
			attributes = {
				LastSwiftUpdateCheck = 0830;
				LastUpgradeCheck = 0830;
				ORGANIZATIONNAME = jitendra;
				TargetAttributes = {
					ED31D2B61F31DE1C007A7CDC = {
						CreatedOnToolsVersion = 8.3.2;
						ProvisioningStyle = Manual;
					};
					ED31D2CA1F31DE1C007A7CDC = {
						CreatedOnToolsVersion = 8.3.2;
						ProvisioningStyle = Automatic;
						TestTargetID = ED31D2B61F31DE1C007A7CDC;
					};
				};
			};
			buildConfigurationList = ED31D2B21F31DE1B007A7CDC /* Build configuration list for PBXProject "JKTapableLabel" */;
			compatibilityVersion = "Xcode 3.2";
			developmentRegion = English;
			hasScannedForEncodings = 0;
			knownRegions = (
				en,
				Base,
			);
			mainGroup = ED31D2AE1F31DE1B007A7CDC;
			productRefGroup = ED31D2B81F31DE1C007A7CDC /* Products */;
			projectDirPath = "";
			projectRoot = "";
			targets = (
				ED31D2B61F31DE1C007A7CDC /* JKTapableLabel */,
				ED31D2CA1F31DE1C007A7CDC /* JKTapableLabelTests */,
			);
		};
/* End PBXProject section */

/* Begin PBXResourcesBuildPhase section */
		ED31D2B51F31DE1C007A7CDC /* Resources */ = {
			isa = PBXResourcesBuildPhase;
			buildActionMask = 2147483647;
			files = (
				ED31D2C51F31DE1C007A7CDC /* LaunchScreen.storyboard in Resources */,
				ED31D2C21F31DE1C007A7CDC /* Assets.xcassets in Resources */,
				ED31D2C01F31DE1C007A7CDC /* Main.storyboard in Resources */,
			);
			runOnlyForDeploymentPostprocessing = 0;
		};
		ED31D2C91F31DE1C007A7CDC /* Resources */ = {
			isa = PBXResourcesBuildPhase;
			buildActionMask = 2147483647;
			files = (
			);
			runOnlyForDeploymentPostprocessing = 0;
		};
/* End PBXResourcesBuildPhase section */

/* Begin PBXSourcesBuildPhase section */
		ED31D2B31F31DE1C007A7CDC /* Sources */ = {
			isa = PBXSourcesBuildPhase;
			buildActionMask = 2147483647;
			files = (
				ED31D2DD1F31DE38007A7CDC /* ViewController.swift in Sources */,
				ED31D2BB1F31DE1C007A7CDC /* AppDelegate.swift in Sources */,
				ED31D2DC1F31DE38007A7CDC /* JKTapableLabel.swift in Sources */,
			);
			runOnlyForDeploymentPostprocessing = 0;
		};
		ED31D2C71F31DE1C007A7CDC /* Sources */ = {
			isa = PBXSourcesBuildPhase;
			buildActionMask = 2147483647;
			files = (
				ED31D2D01F31DE1C007A7CDC /* JKTapableLabelTests.swift in Sources */,
			);
			runOnlyForDeploymentPostprocessing = 0;
		};
/* End PBXSourcesBuildPhase section */

/* Begin PBXTargetDependency section */
		ED31D2CD1F31DE1C007A7CDC /* PBXTargetDependency */ = {
			isa = PBXTargetDependency;
			target = ED31D2B61F31DE1C007A7CDC /* JKTapableLabel */;
			targetProxy = ED31D2CC1F31DE1C007A7CDC /* PBXContainerItemProxy */;
		};
/* End PBXTargetDependency section */

/* Begin PBXVariantGroup section */
		ED31D2BE1F31DE1C007A7CDC /* Main.storyboard */ = {
			isa = PBXVariantGroup;
			children = (
				ED31D2BF1F31DE1C007A7CDC /* Base */,
			);
			name = Main.storyboard;
			sourceTree = "<group>";
		};
		ED31D2C31F31DE1C007A7CDC /* LaunchScreen.storyboard */ = {
			isa = PBXVariantGroup;
			children = (
				ED31D2C41F31DE1C007A7CDC /* Base */,
			);
			name = LaunchScreen.storyboard;
			sourceTree = "<group>";
		};
/* End PBXVariantGroup section */

/* Begin XCBuildConfiguration section */
		ED31D2D21F31DE1C007A7CDC /* Debug */ = {
			isa = XCBuildConfiguration;
			buildSettings = {
				ALWAYS_SEARCH_USER_PATHS = NO;
				CLANG_ANALYZER_NONNULL = YES;
				CLANG_ANALYZER_NUMBER_OBJECT_CONVERSION = YES_AGGRESSIVE;
				CLANG_CXX_LANGUAGE_STANDARD = "gnu++0x";
				CLANG_CXX_LIBRARY = "libc++";
				CLANG_ENABLE_MODULES = YES;
				CLANG_ENABLE_OBJC_ARC = YES;
				CLANG_WARN_BOOL_CONVERSION = YES;
				CLANG_WARN_CONSTANT_CONVERSION = YES;
				CLANG_WARN_DIRECT_OBJC_ISA_USAGE = YES_ERROR;
				CLANG_WARN_DOCUMENTATION_COMMENTS = YES;
				CLANG_WARN_EMPTY_BODY = YES;
				CLANG_WARN_ENUM_CONVERSION = YES;
				CLANG_WARN_INFINITE_RECURSION = YES;
				CLANG_WARN_INT_CONVERSION = YES;
				CLANG_WARN_OBJC_ROOT_CLASS = YES_ERROR;
				CLANG_WARN_SUSPICIOUS_MOVE = YES;
				CLANG_WARN_UNREACHABLE_CODE = YES;
				CLANG_WARN__DUPLICATE_METHOD_MATCH = YES;
				"CODE_SIGN_IDENTITY[sdk=iphoneos*]" = "iPhone Developer";
				COPY_PHASE_STRIP = NO;
				DEBUG_INFORMATION_FORMAT = dwarf;
				ENABLE_STRICT_OBJC_MSGSEND = YES;
				ENABLE_TESTABILITY = YES;
				GCC_C_LANGUAGE_STANDARD = gnu99;
				GCC_DYNAMIC_NO_PIC = NO;
				GCC_NO_COMMON_BLOCKS = YES;
				GCC_OPTIMIZATION_LEVEL = 0;
				GCC_PREPROCESSOR_DEFINITIONS = (
					"DEBUG=1",
					"$(inherited)",
				);
				GCC_WARN_64_TO_32_BIT_CONVERSION = YES;
				GCC_WARN_ABOUT_RETURN_TYPE = YES_ERROR;
				GCC_WARN_UNDECLARED_SELECTOR = YES;
				GCC_WARN_UNINITIALIZED_AUTOS = YES_AGGRESSIVE;
				GCC_WARN_UNUSED_FUNCTION = YES;
				GCC_WARN_UNUSED_VARIABLE = YES;
				IPHONEOS_DEPLOYMENT_TARGET = 10.3;
				MTL_ENABLE_DEBUG_INFO = YES;
				ONLY_ACTIVE_ARCH = YES;
				SDKROOT = iphoneos;
				SWIFT_ACTIVE_COMPILATION_CONDITIONS = DEBUG;
				SWIFT_OPTIMIZATION_LEVEL = "-Onone";
			};
			name = Debug;
		};
		ED31D2D31F31DE1C007A7CDC /* Release */ = {
			isa = XCBuildConfiguration;
			buildSettings = {
				ALWAYS_SEARCH_USER_PATHS = NO;
				CLANG_ANALYZER_NONNULL = YES;
				CLANG_ANALYZER_NUMBER_OBJECT_CONVERSION = YES_AGGRESSIVE;
				CLANG_CXX_LANGUAGE_STANDARD = "gnu++0x";
				CLANG_CXX_LIBRARY = "libc++";
				CLANG_ENABLE_MODULES = YES;
				CLANG_ENABLE_OBJC_ARC = YES;
				CLANG_WARN_BOOL_CONVERSION = YES;
				CLANG_WARN_CONSTANT_CONVERSION = YES;
				CLANG_WARN_DIRECT_OBJC_ISA_USAGE = YES_ERROR;
				CLANG_WARN_DOCUMENTATION_COMMENTS = YES;
				CLANG_WARN_EMPTY_BODY = YES;
				CLANG_WARN_ENUM_CONVERSION = YES;
				CLANG_WARN_INFINITE_RECURSION = YES;
				CLANG_WARN_INT_CONVERSION = YES;
				CLANG_WARN_OBJC_ROOT_CLASS = YES_ERROR;
				CLANG_WARN_SUSPICIOUS_MOVE = YES;
				CLANG_WARN_UNREACHABLE_CODE = YES;
				CLANG_WARN__DUPLICATE_METHOD_MATCH = YES;
				"CODE_SIGN_IDENTITY[sdk=iphoneos*]" = "iPhone Developer";
				COPY_PHASE_STRIP = NO;
				DEBUG_INFORMATION_FORMAT = "dwarf-with-dsym";
				ENABLE_NS_ASSERTIONS = NO;
				ENABLE_STRICT_OBJC_MSGSEND = YES;
				GCC_C_LANGUAGE_STANDARD = gnu99;
				GCC_NO_COMMON_BLOCKS = YES;
				GCC_WARN_64_TO_32_BIT_CONVERSION = YES;
				GCC_WARN_ABOUT_RETURN_TYPE = YES_ERROR;
				GCC_WARN_UNDECLARED_SELECTOR = YES;
				GCC_WARN_UNINITIALIZED_AUTOS = YES_AGGRESSIVE;
				GCC_WARN_UNUSED_FUNCTION = YES;
				GCC_WARN_UNUSED_VARIABLE = YES;
				IPHONEOS_DEPLOYMENT_TARGET = 10.3;
				MTL_ENABLE_DEBUG_INFO = NO;
				SDKROOT = iphoneos;
				SWIFT_OPTIMIZATION_LEVEL = "-Owholemodule";
				VALIDATE_PRODUCT = YES;
			};
			name = Release;
		};
		ED31D2D51F31DE1C007A7CDC /* Debug */ = {
			isa = XCBuildConfiguration;
			buildSettings = {
				ASSETCATALOG_COMPILER_APPICON_NAME = AppIcon;
				DEVELOPMENT_TEAM = "";
				INFOPLIST_FILE = JKTapableLabel/Info.plist;
				LD_RUNPATH_SEARCH_PATHS = "$(inherited) @executable_path/Frameworks";
				PRODUCT_BUNDLE_IDENTIFIER = com.jk.JKTapableLabel;
				PRODUCT_NAME = "$(TARGET_NAME)";
				PROVISIONING_PROFILE_SPECIFIER = "";
				SWIFT_VERSION = 3.0;
			};
			name = Debug;
		};
		ED31D2D61F31DE1C007A7CDC /* Release */ = {
			isa = XCBuildConfiguration;
			buildSettings = {
				ASSETCATALOG_COMPILER_APPICON_NAME = AppIcon;
				DEVELOPMENT_TEAM = "";
				INFOPLIST_FILE = JKTapableLabel/Info.plist;
				LD_RUNPATH_SEARCH_PATHS = "$(inherited) @executable_path/Frameworks";
				PRODUCT_BUNDLE_IDENTIFIER = com.jk.JKTapableLabel;
				PRODUCT_NAME = "$(TARGET_NAME)";
				PROVISIONING_PROFILE_SPECIFIER = "";
				SWIFT_VERSION = 3.0;
			};
			name = Release;
		};
		ED31D2D81F31DE1C007A7CDC /* Debug */ = {
			isa = XCBuildConfiguration;
			buildSettings = {
				ALWAYS_EMBED_SWIFT_STANDARD_LIBRARIES = YES;
				BUNDLE_LOADER = "$(TEST_HOST)";
				INFOPLIST_FILE = JKTapableLabelTests/Info.plist;
				LD_RUNPATH_SEARCH_PATHS = "$(inherited) @executable_path/Frameworks @loader_path/Frameworks";
				PRODUCT_BUNDLE_IDENTIFIER = com.jk.JKTapableLabelTests;
				PRODUCT_NAME = "$(TARGET_NAME)";
				SWIFT_VERSION = 3.0;
				TEST_HOST = "$(BUILT_PRODUCTS_DIR)/JKTapableLabel.app/JKTapableLabel";
			};
			name = Debug;
		};
		ED31D2D91F31DE1C007A7CDC /* Release */ = {
			isa = XCBuildConfiguration;
			buildSettings = {
				ALWAYS_EMBED_SWIFT_STANDARD_LIBRARIES = YES;
				BUNDLE_LOADER = "$(TEST_HOST)";
				INFOPLIST_FILE = JKTapableLabelTests/Info.plist;
				LD_RUNPATH_SEARCH_PATHS = "$(inherited) @executable_path/Frameworks @loader_path/Frameworks";
				PRODUCT_BUNDLE_IDENTIFIER = com.jk.JKTapableLabelTests;
				PRODUCT_NAME = "$(TARGET_NAME)";
				SWIFT_VERSION = 3.0;
				TEST_HOST = "$(BUILT_PRODUCTS_DIR)/JKTapableLabel.app/JKTapableLabel";
			};
			name = Release;
		};
/* End XCBuildConfiguration section */

/* Begin XCConfigurationList section */
		ED31D2B21F31DE1B007A7CDC /* Build configuration list for PBXProject "JKTapableLabel" */ = {
			isa = XCConfigurationList;
			buildConfigurations = (
				ED31D2D21F31DE1C007A7CDC /* Debug */,
				ED31D2D31F31DE1C007A7CDC /* Release */,
			);
			defaultConfigurationIsVisible = 0;
			defaultConfigurationName = Release;
		};
		ED31D2D41F31DE1C007A7CDC /* Build configuration list for PBXNativeTarget "JKTapableLabel" */ = {
			isa = XCConfigurationList;
			buildConfigurations = (
				ED31D2D51F31DE1C007A7CDC /* Debug */,
				ED31D2D61F31DE1C007A7CDC /* Release */,
			);
			defaultConfigurationIsVisible = 0;
		};
		ED31D2D71F31DE1C007A7CDC /* Build configuration list for PBXNativeTarget "JKTapableLabelTests" */ = {
			isa = XCConfigurationList;
			buildConfigurations = (
				ED31D2D81F31DE1C007A7CDC /* Debug */,
				ED31D2D91F31DE1C007A7CDC /* Release */,
			);
			defaultConfigurationIsVisible = 0;
		};
/* End XCConfigurationList section */
	};
	rootObject = ED31D2AF1F31DE1B007A7CDC /* Project object */;
}
